
Microsoft Visual Studio Solution File, Format Version 12.00
# Visual Studio 15
VisualStudioVersion = 15.0.27428.2005
MinimumVisualStudioVersion = 10.0.40219.1
Project("{FAE04EC0-301F-11D3-BF4B-00C04F79EFBC}") = "IoT", "IoT\IoT.csproj", "{242FB7AC-0E3B-4D56-AB3F-B2ACC91EF03B}"
EndProject
Global
	GlobalSection(SolutionConfigurationPlatforms) = preSolution
		Debug|ARM = Debug|ARM
		Debug|x64 = Debug|x64
		Debug|x86 = Debug|x86
		Release|ARM = Release|ARM
		Release|x64 = Release|x64
		Release|x86 = Release|x86
	EndGlobalSection
	GlobalSection(ProjectConfigurationPlatforms) = postSolution
		{242FB7AC-0E3B-4D56-AB3F-B2ACC91EF03B}.Debug|ARM.ActiveCfg = Debug|ARM
		{242FB7AC-0E3B-4D56-AB3F-B2ACC91EF03B}.Debug|ARM.Build.0 = Debug|ARM
		{242FB7AC-0E3B-4D56-AB3F-B2ACC91EF03B}.Debug|ARM.Deploy.0 = Debug|ARM
		{242FB7AC-0E3B-4D56-AB3F-B2ACC91EF03B}.Debug|x64.ActiveCfg = Debug|x64
		{242FB7AC-0E3B-4D56-AB3F-B2ACC91EF03B}.Debug|x64.Build.0 = Debug|x64
		{242FB7AC-0E3B-4D56-AB3F-B2ACC91EF03B}.Debug|x64.Deploy.0 = Debug|x64
		{242FB7AC-0E3B-4D56-AB3F-B2ACC91EF03B}.Debug|x86.ActiveCfg = Debug|x86
		{242FB7AC-0E3B-4D56-AB3F-B2ACC91EF03B}.Debug|x86.Build.0 = Debug|x86
		{242FB7AC-0E3B-4D56-AB3F-B2ACC91EF03B}.Debug|x86.Deploy.0 = Debug|x86
		{242FB7AC-0E3B-4D56-AB3F-B2ACC91EF03B}.Release|ARM.ActiveCfg = Release|ARM
		{242FB7AC-0E3B-4D56-AB3F-B2ACC91EF03B}.Release|ARM.Build.0 = Release|ARM
		{242FB7AC-0E3B-4D56-AB3F-B2ACC91EF03B}.Release|ARM.Deploy.0 = Release|ARM
		{242FB7AC-0E3B-4D56-AB3F-B2ACC91EF03B}.Release|x64.ActiveCfg = Release|x64
		{242FB7AC-0E3B-4D56-AB3F-B2ACC91EF03B}.Release|x64.Build.0 = Release|x64
		{242FB7AC-0E3B-4D56-AB3F-B2ACC91EF03B}.Release|x64.Deploy.0 = Release|x64
		{242FB7AC-0E3B-4D56-AB3F-B2ACC91EF03B}.Release|x86.ActiveCfg = Release|x86
		{242FB7AC-0E3B-4D56-AB3F-B2ACC91EF03B}.Release|x86.Build.0 = Release|x86
		{242FB7AC-0E3B-4D56-AB3F-B2ACC91EF03B}.Release|x86.Deploy.0 = Release|x86
	EndGlobalSection
	GlobalSection(SolutionProperties) = preSolution
		HideSolutionNode = FALSE
	EndGlobalSection
	GlobalSection(ExtensibilityGlobals) = postSolution
		SolutionGuid = {B1A57839-6889-4382-A685-4A11D68BAA97}
	EndGlobalSection
EndGlobal
